
Microsoft Visual Studio Solution File, Format Version 12.00
# Visual Studio Version 17
VisualStudioVersion = 17.11.35222.181
MinimumVisualStudioVersion = 10.0.40219.1
Project("{FAE04EC0-301F-11D3-BF4B-00C04F79EFBC}") = "PostgreSQLBiyori", "PostgreSQLBiyori\PostgreSQLBiyori.csproj", "{D3ECC8B0-7F1B-4E6E-8802-9FFD9999E000}"
EndProject
Global
	GlobalSection(SolutionConfigurationPlatforms) = preSolution
		Debug|Any CPU = Debug|Any CPU
		Release|Any CPU = Release|Any CPU
	EndGlobalSection
	GlobalSection(ProjectConfigurationPlatforms) = postSolution
		{D3ECC8B0-7F1B-4E6E-8802-9FFD9999E000}.Debug|Any CPU.ActiveCfg = Debug|Any CPU
		{D3ECC8B0-7F1B-4E6E-8802-9FFD9999E000}.Debug|Any CPU.Build.0 = Debug|Any CPU
		{D3ECC8B0-7F1B-4E6E-8802-9FFD9999E000}.Release|Any CPU.ActiveCfg = Release|Any CPU
		{D3ECC8B0-7F1B-4E6E-8802-9FFD9999E000}.Release|Any CPU.Build.0 = Release|Any CPU
	EndGlobalSection
	GlobalSection(SolutionProperties) = preSolution
		HideSolutionNode = FALSE
	EndGlobalSection
	GlobalSection(ExtensibilityGlobals) = postSolution
		SolutionGuid = {7165A255-9343-40EE-B9AF-107EFE8DFCC0}
	EndGlobalSection
EndGlobal
